
Microsoft Visual Studio Solution File, Format Version 12.00
# Visual Studio 15
VisualStudioVersion = 15.0.27004.2002
MinimumVisualStudioVersion = 10.0.40219.1
Project("{FAE04EC0-301F-11D3-BF4B-00C04F79EFBC}") = "CrudexBackend", "CrudexBackend\CrudexBackend.csproj", "{97AFA228-8BFF-4EDC-B213-A1ABD5036DCD}"
EndProject
Global
	GlobalSection(SolutionConfigurationPlatforms) = preSolution
		Debug|Any CPU = Debug|Any CPU
		Release|Any CPU = Release|Any CPU
	EndGlobalSection
	GlobalSection(ProjectConfigurationPlatforms) = postSolution
		{97AFA228-8BFF-4EDC-B213-A1ABD5036DCD}.Debug|Any CPU.ActiveCfg = Debug|Any CPU
		{97AFA228-8BFF-4EDC-B213-A1ABD5036DCD}.Debug|Any CPU.Build.0 = Debug|Any CPU
		{97AFA228-8BFF-4EDC-B213-A1ABD5036DCD}.Release|Any CPU.ActiveCfg = Release|Any CPU
		{97AFA228-8BFF-4EDC-B213-A1ABD5036DCD}.Release|Any CPU.Build.0 = Release|Any CPU
	EndGlobalSection
	GlobalSection(SolutionProperties) = preSolution
		HideSolutionNode = FALSE
	EndGlobalSection
	GlobalSection(ExtensibilityGlobals) = postSolution
		SolutionGuid = {C3E9293F-B381-480F-B6DF-8AEBD372069E}
	EndGlobalSection
EndGlobal
